
Microsoft Visual Studio Solution File, Format Version 12.00
# Visual Studio Version 17
VisualStudioVersion = 17.5.33424.131
MinimumVisualStudioVersion = 10.0.40219.1
Project("{9A19103F-16F7-4668-BE54-9A1E7A4F7556}") = "DotNetLearning", "DotNetLearning\DotNetLearning.csproj", "{022C2601-B70A-4C78-9049-5D90DDD226F1}"
EndProject
Project("{9A19103F-16F7-4668-BE54-9A1E7A4F7556}") = "TeacherStudent", "TeacherStudent\TeacherStudent.csproj", "{F54DC714-C0EE-44A3-8187-A4E21930BEBB}"
EndProject
Project("{9A19103F-16F7-4668-BE54-9A1E7A4F7556}") = "LessonFourInterfacesBasics", "LessonFourInterfacesBasics\LessonFourInterfacesBasics.csproj", "{AE87D00F-D080-4D5F-8040-14903F6F5992}"
EndProject
Project("{FAE04EC0-301F-11D3-BF4B-00C04F79EFBC}") = "LessonFive", "LessonFive\LessonFive.csproj", "{3AABB12F-802A-4764-B801-EBCF818F38DA}"
EndProject
Global
	GlobalSection(SolutionConfigurationPlatforms) = preSolution
		Debug|Any CPU = Debug|Any CPU
		Release|Any CPU = Release|Any CPU
	EndGlobalSection
	GlobalSection(ProjectConfigurationPlatforms) = postSolution
		{022C2601-B70A-4C78-9049-5D90DDD226F1}.Debug|Any CPU.ActiveCfg = Debug|Any CPU
		{022C2601-B70A-4C78-9049-5D90DDD226F1}.Debug|Any CPU.Build.0 = Debug|Any CPU
		{022C2601-B70A-4C78-9049-5D90DDD226F1}.Release|Any CPU.ActiveCfg = Release|Any CPU
		{022C2601-B70A-4C78-9049-5D90DDD226F1}.Release|Any CPU.Build.0 = Release|Any CPU
		{F54DC714-C0EE-44A3-8187-A4E21930BEBB}.Debug|Any CPU.ActiveCfg = Debug|Any CPU
		{F54DC714-C0EE-44A3-8187-A4E21930BEBB}.Debug|Any CPU.Build.0 = Debug|Any CPU
		{F54DC714-C0EE-44A3-8187-A4E21930BEBB}.Release|Any CPU.ActiveCfg = Release|Any CPU
		{F54DC714-C0EE-44A3-8187-A4E21930BEBB}.Release|Any CPU.Build.0 = Release|Any CPU
		{AE87D00F-D080-4D5F-8040-14903F6F5992}.Debug|Any CPU.ActiveCfg = Debug|Any CPU
		{AE87D00F-D080-4D5F-8040-14903F6F5992}.Debug|Any CPU.Build.0 = Debug|Any CPU
		{AE87D00F-D080-4D5F-8040-14903F6F5992}.Release|Any CPU.ActiveCfg = Release|Any CPU
		{AE87D00F-D080-4D5F-8040-14903F6F5992}.Release|Any CPU.Build.0 = Release|Any CPU
		{3AABB12F-802A-4764-B801-EBCF818F38DA}.Debug|Any CPU.ActiveCfg = Debug|Any CPU
		{3AABB12F-802A-4764-B801-EBCF818F38DA}.Debug|Any CPU.Build.0 = Debug|Any CPU
		{3AABB12F-802A-4764-B801-EBCF818F38DA}.Release|Any CPU.ActiveCfg = Release|Any CPU
		{3AABB12F-802A-4764-B801-EBCF818F38DA}.Release|Any CPU.Build.0 = Release|Any CPU
	EndGlobalSection
	GlobalSection(SolutionProperties) = preSolution
		HideSolutionNode = FALSE
	EndGlobalSection
	GlobalSection(ExtensibilityGlobals) = postSolution
		SolutionGuid = {65BEB8E5-7595-4D55-878E-1072F1FCF059}
	EndGlobalSection
EndGlobal
